
Microsoft Visual Studio Solution File, Format Version 12.00
# Visual Studio 15
VisualStudioVersion = 15.0.28307.102
MinimumVisualStudioVersion = 10.0.40219.1
Project("{FAE04EC0-301F-11D3-BF4B-00C04F79EFBC}") = "Backup", "ClassLibrary1\Backup.csproj", "{74F6C2BF-A27F-430C-8708-62CDEBDA2E8C}"
EndProject
Global
	GlobalSection(SolutionConfigurationPlatforms) = preSolution
		Debug|Any CPU = Debug|Any CPU
		Release|Any CPU = Release|Any CPU
	EndGlobalSection
	GlobalSection(ProjectConfigurationPlatforms) = postSolution
		{74F6C2BF-A27F-430C-8708-62CDEBDA2E8C}.Debug|Any CPU.ActiveCfg = Debug|Any CPU
		{74F6C2BF-A27F-430C-8708-62CDEBDA2E8C}.Debug|Any CPU.Build.0 = Debug|Any CPU
		{74F6C2BF-A27F-430C-8708-62CDEBDA2E8C}.Release|Any CPU.ActiveCfg = Release|Any CPU
		{74F6C2BF-A27F-430C-8708-62CDEBDA2E8C}.Release|Any CPU.Build.0 = Release|Any CPU
	EndGlobalSection
	GlobalSection(SolutionProperties) = preSolution
		HideSolutionNode = FALSE
	EndGlobalSection
	GlobalSection(ExtensibilityGlobals) = postSolution
		SolutionGuid = {F46BE1DD-0E82-4C42-BF66-6ABCFA559DC6}
	EndGlobalSection
EndGlobal
